
Microsoft Visual Studio Solution File, Format Version 11.00
# Visual Studio 2010
Project("{FAE04EC0-301F-11D3-BF4B-00C04F79EFBC}") = "Assembly-CSharp", "Assembly-CSharp.csproj", "{7F603D34-4D4E-F706-FCD0-85471C5231A7}"
EndProject
Project("{FAE04EC0-301F-11D3-BF4B-00C04F79EFBC}") = "Assembly-CSharp-Editor", "Assembly-CSharp-Editor.csproj", "{0E15A867-E814-9081-9C42-875044502AAD}"
EndProject
Global
	GlobalSection(SolutionConfigurationPlatforms) = preSolution
		Debug|Any CPU = Debug|Any CPU
		Release|Any CPU = Release|Any CPU
	EndGlobalSection
	GlobalSection(ProjectConfigurationPlatforms) = postSolution
		{7F603D34-4D4E-F706-FCD0-85471C5231A7}.Debug|Any CPU.ActiveCfg = Debug|Any CPU
		{7F603D34-4D4E-F706-FCD0-85471C5231A7}.Debug|Any CPU.Build.0 = Debug|Any CPU
		{7F603D34-4D4E-F706-FCD0-85471C5231A7}.Release|Any CPU.ActiveCfg = Release|Any CPU
		{7F603D34-4D4E-F706-FCD0-85471C5231A7}.Release|Any CPU.Build.0 = Release|Any CPU
		{0E15A867-E814-9081-9C42-875044502AAD}.Debug|Any CPU.ActiveCfg = Debug|Any CPU
		{0E15A867-E814-9081-9C42-875044502AAD}.Debug|Any CPU.Build.0 = Debug|Any CPU
		{0E15A867-E814-9081-9C42-875044502AAD}.Release|Any CPU.ActiveCfg = Release|Any CPU
		{0E15A867-E814-9081-9C42-875044502AAD}.Release|Any CPU.Build.0 = Release|Any CPU
	EndGlobalSection
	GlobalSection(SolutionProperties) = preSolution
		HideSolutionNode = FALSE
	EndGlobalSection
	GlobalSection(MonoDevelopProperties) = preSolution
		StartupItem = Assembly-CSharp.csproj
	EndGlobalSection
EndGlobal
